
Microsoft Visual Studio Solution File, Format Version 12.00
# Visual Studio Version 16
VisualStudioVersion = 16.0.31112.23
MinimumVisualStudioVersion = 10.0.40219.1
Project("{2150E333-8FDC-42A3-9474-1A3956D46DE8}") = "Domain Layer", "Domain Layer", "{53710302-1F1A-4EEB-B05F-7FF9F5B64F65}"
EndProject
Project("{2150E333-8FDC-42A3-9474-1A3956D46DE8}") = "Business Layer", "Business Layer", "{2BF480F9-2ADB-47C9-B84F-62B7105DC828}"
EndProject
Project("{2150E333-8FDC-42A3-9474-1A3956D46DE8}") = "Helper Layer", "Helper Layer", "{DE576D59-E6A4-455A-99C4-7A3664D41A54}"
EndProject
Project("{2150E333-8FDC-42A3-9474-1A3956D46DE8}") = "Presentation Layer", "Presentation Layer", "{25D3FEE0-9919-42EE-A78D-DA14F520EAED}"
EndProject
Project("{2150E333-8FDC-42A3-9474-1A3956D46DE8}") = "MicroServices", "MicroServices", "{6C19DB45-35B2-4A64-8308-7DB2C3EC3CF1}"
EndProject
Project("{2150E333-8FDC-42A3-9474-1A3956D46DE8}") = "Vehicles", "Vehicles", "{8A2743AA-3A64-4B27-8B50-61541020AC72}"
EndProject
Project("{9A19103F-16F7-4668-BE54-9A1E7A4F7556}") = "VehicleTracking.Vehicles", "Presentation Layer\MicroServices\Vehicles\VehicleTracking.Vehicles\VehicleTracking.Vehicles.csproj", "{5A71C6BB-B3C9-42E5-884D-28D380204E37}"
EndProject
Project("{2150E333-8FDC-42A3-9474-1A3956D46DE8}") = "Tracking", "Tracking", "{D01832AD-3D0B-4F7A-9528-806260F5FD54}"
EndProject
Project("{9A19103F-16F7-4668-BE54-9A1E7A4F7556}") = "VehicleTracking.Trackers", "Presentation Layer\MicroServices\Tracking\VehicleTracking.Trackers\VehicleTracking.Trackers.csproj", "{33942688-2522-4C3D-A0C4-BE0F27DC0155}"
EndProject
Project("{2150E333-8FDC-42A3-9474-1A3956D46DE8}") = "Vehicles", "Vehicles", "{01666CCB-7B60-41D8-8C4E-4BE9A696E444}"
EndProject
Project("{2150E333-8FDC-42A3-9474-1A3956D46DE8}") = "Tracking", "Tracking", "{8C828C84-B3CF-4E09-BD55-2039B2D5A2A8}"
EndProject
Project("{9A19103F-16F7-4668-BE54-9A1E7A4F7556}") = "VehicleTracking.ApplicationCore.Trackers", "Business Layer\Tracking\VehicleTracking.ApplicationCore.Trackers\VehicleTracking.ApplicationCore.Trackers.csproj", "{4A233C9C-B0EA-45FA-8540-36523C323348}"
EndProject
Project("{9A19103F-16F7-4668-BE54-9A1E7A4F7556}") = "VehicleTracking.ApplicationCore.Vehicles", "Business Layer\Vehicles\VehicleTracking.ApplicationCore.Vehicles\VehicleTracking.ApplicationCore.Vehicles.csproj", "{C77325B8-0B37-474D-94B7-7AF70DF59895}"
EndProject
Project("{2150E333-8FDC-42A3-9474-1A3956D46DE8}") = "Vehicle", "Vehicle", "{1440FA00-E490-408D-AA27-23F6290CDDF8}"
EndProject
Project("{2150E333-8FDC-42A3-9474-1A3956D46DE8}") = "Tracking", "Tracking", "{B922F6E6-A72E-471F-93EC-2B299B41C1A6}"
EndProject
Project("{9A19103F-16F7-4668-BE54-9A1E7A4F7556}") = "VehicleTracking.Tracking.Domain", "Domain Layer\Tracking\VehicleTracking.Tracking.Domain\VehicleTracking.Tracking.Domain.csproj", "{C368FE96-086C-4CB6-A31B-13F4D0F3CFCF}"
EndProject
Project("{9A19103F-16F7-4668-BE54-9A1E7A4F7556}") = "VehicleTracking.Vehicle.Domain", "Domain Layer\Vehicle\VehicleTracking.Vehicle.Domain\VehicleTracking.Vehicle.Domain.csproj", "{80EB453E-0D36-4D95-A360-E5B444171E60}"
EndProject
Project("{2150E333-8FDC-42A3-9474-1A3956D46DE8}") = "Data Layer", "Data Layer", "{FE7CC024-8759-4899-885F-CC477AAF625B}"
EndProject
Project("{2150E333-8FDC-42A3-9474-1A3956D46DE8}") = "Vehicle", "Vehicle", "{A58F71AE-2AAF-447E-8AD6-609680255732}"
EndProject
Project("{9A19103F-16F7-4668-BE54-9A1E7A4F7556}") = "VehicleTracking.Vehicle.Persistance", "Data Layer\Vehicle\VehicleTracking.Vehicle.Persistance\VehicleTracking.Vehicle.Persistance.csproj", "{7DD6A490-B547-44ED-B882-89AF65A33BC7}"
EndProject
Project("{2150E333-8FDC-42A3-9474-1A3956D46DE8}") = "Tracking", "Tracking", "{28FDC751-C0AB-4138-AC44-FCD1241EFBBE}"
EndProject
Project("{9A19103F-16F7-4668-BE54-9A1E7A4F7556}") = "VehicleTracking.Tracking.Persistance", "Data Layer\Tracking\VehicleTracking.Tracking.Persistance\VehicleTracking.Tracking.Persistance.csproj", "{0D1A0614-6DC8-41AC-821A-C115CA589C75}"
EndProject
Project("{2150E333-8FDC-42A3-9474-1A3956D46DE8}") = "Ioc Layer", "Ioc Layer", "{9F4B9AAF-4AAA-4ADB-AFDC-8FD121276135}"
EndProject
Project("{2150E333-8FDC-42A3-9474-1A3956D46DE8}") = "Vehicle", "Vehicle", "{7EBAF717-8FD2-4C66-8928-0C15354F8154}"
EndProject
Project("{9A19103F-16F7-4668-BE54-9A1E7A4F7556}") = "Infra.Ioc.Vehicle", "Ioc Layer\Vehicle\Infra.Ioc.Vehicle\Infra.Ioc.Vehicle.csproj", "{47DB0001-E906-4847-9DBC-CBD35B7E7081}"
EndProject
Project("{2150E333-8FDC-42A3-9474-1A3956D46DE8}") = "Tracking", "Tracking", "{107FB6C0-CA72-405C-851C-1045B2022967}"
EndProject
Project("{9A19103F-16F7-4668-BE54-9A1E7A4F7556}") = "Infra.Ioc.Tracking", "Ioc Layer\Tracking\Infra.Ioc.Tracking\Infra.Ioc.Tracking.csproj", "{405C2079-12A3-47C7-95EF-335AFC9B84C9}"
EndProject
Project("{2150E333-8FDC-42A3-9474-1A3956D46DE8}") = "Identity", "Identity", "{5754C7AD-8FD3-4CB5-A0EA-F0DC6C8B8F8F}"
EndProject
Project("{9A19103F-16F7-4668-BE54-9A1E7A4F7556}") = "VehicleTracking.Identity.Domain", "Domain Layer\Identity\VehicleTracking.Identity.Domain\VehicleTracking.Identity.Domain.csproj", "{656FC53E-06A7-49BC-A4B8-1900D5E9FAAF}"
EndProject
Project("{2150E333-8FDC-42A3-9474-1A3956D46DE8}") = "Identity", "Identity", "{C38A68D2-9F55-47F5-9377-03AD442CC68C}"
EndProject
Project("{9A19103F-16F7-4668-BE54-9A1E7A4F7556}") = "VehicleTracking.Identity.Persistance", "Data Layer\Identity\VehicleTracking.Identity.Persistance\VehicleTracking.Identity.Persistance.csproj", "{66793522-5CEA-41CC-B694-95CFEB7042E1}"
EndProject
Project("{2150E333-8FDC-42A3-9474-1A3956D46DE8}") = "Identity", "Identity", "{FF11A7E2-2461-4E0D-9441-23D8E13946C6}"
EndProject
Project("{9A19103F-16F7-4668-BE54-9A1E7A4F7556}") = "VehicleTracking.Identity", "MicroServices\Identity\VehicleTracking.Identity\VehicleTracking.Identity.csproj", "{BF448233-E157-41FC-8D46-74E106E3015A}"
EndProject
Project("{2150E333-8FDC-42A3-9474-1A3956D46DE8}") = "Identity", "Identity", "{40129481-F31D-462A-A309-C789419AB7C5}"
EndProject
Project("{9A19103F-16F7-4668-BE54-9A1E7A4F7556}") = "VehicleTracking.ApplicationCore.Identity", "Business Layer\Identity\VehicleTracking.ApplicationCore.Identity\VehicleTracking.ApplicationCore.Identity.csproj", "{404E5BB6-D961-4DA7-9A33-2E6D27C871BD}"
EndProject
Project("{2150E333-8FDC-42A3-9474-1A3956D46DE8}") = "Identity", "Identity", "{55BE3018-FBA7-4927-9B50-FC3998D2ABC3}"
EndProject
Project("{9A19103F-16F7-4668-BE54-9A1E7A4F7556}") = "Helper.Layer.Identity", "Helper Layer\Identity\Helper.Layer.Identity\Helper.Layer.Identity.csproj", "{C4AAF8F1-617D-4E19-87D4-E5DAE398BB92}"
EndProject
Project("{2150E333-8FDC-42A3-9474-1A3956D46DE8}") = "Vehicle", "Vehicle", "{159CA617-743B-40B1-856C-CA7A7D637640}"
EndProject
Project("{9A19103F-16F7-4668-BE54-9A1E7A4F7556}") = "VehicleTracking.Vehicle.Helper", "Helper Layer\Vehicle\VehicleTracking.Vehicle.Helper\VehicleTracking.Vehicle.Helper.csproj", "{2104B83F-EC33-41CF-BE51-8CFCCA010D49}"
EndProject
Project("{2150E333-8FDC-42A3-9474-1A3956D46DE8}") = "Infrastructure Layer", "Infrastructure Layer", "{799F5D07-5F58-475F-9BEE-C6914CFFF46D}"
EndProject
Project("{2150E333-8FDC-42A3-9474-1A3956D46DE8}") = "Tracking", "Tracking", "{D4039FA2-DD49-41B4-85E2-6B11CA027565}"
EndProject
Project("{9A19103F-16F7-4668-BE54-9A1E7A4F7556}") = "VehicleTracking.Infrastructure.Tracking", "Infrastructure Layer\Tracking\VehicleTracking.Infrastructure.Tracking\VehicleTracking.Infrastructure.Tracking.csproj", "{1E4D0F3D-1DC3-4A9D-9B5B-74921EDCEE73}"
EndProject
Project("{2150E333-8FDC-42A3-9474-1A3956D46DE8}") = "Tracking", "Tracking", "{DF361C77-DE0E-46EB-9C71-3736AC12B063}"
EndProject
Project("{9A19103F-16F7-4668-BE54-9A1E7A4F7556}") = "VehicleTracking.Tracking.Helper", "Helper Layer\Tracking\VehicleTracking.Tracking.Helper\VehicleTracking.Tracking.Helper.csproj", "{C2215EDF-5EEC-4917-87E7-EAE4A5F33484}"
EndProject
Project("{2150E333-8FDC-42A3-9474-1A3956D46DE8}") = "Components", "Components", "{8B0C02B6-DC26-4BF5-8E39-77B41805D544}"
EndProject
Project("{2150E333-8FDC-42A3-9474-1A3956D46DE8}") = "Redis", "Redis", "{89F40622-EC8E-4784-9FD1-CC96CA579ED7}"
EndProject
Project("{9A19103F-16F7-4668-BE54-9A1E7A4F7556}") = "RedisCacheAdapter", "Infrastructure Layer\Components\Redis\RedisCacheAdapter\RedisCacheAdapter.csproj", "{6CCE97E2-5099-469F-81EC-B0B4D0DE8594}"
EndProject
Project("{2150E333-8FDC-42A3-9474-1A3956D46DE8}") = "Background Service Layer", "Background Service Layer", "{E781E24D-2A97-4AE6-A90F-3184864D37A7}"
EndProject
Project("{2150E333-8FDC-42A3-9474-1A3956D46DE8}") = "Tracking", "Tracking", "{E7CCA6CA-E88C-4467-93A4-5FE88BA79FD8}"
EndProject
Project("{9A19103F-16F7-4668-BE54-9A1E7A4F7556}") = "VehicleTracking.BackgroundService.Tracking", "Background Service Layer\Tracking\VehicleTracking.BackgroundService.Tracking\VehicleTracking.BackgroundService.Tracking.csproj", "{83215418-AF0C-43CE-B8EC-0AE387724811}"
EndProject
Project("{2150E333-8FDC-42A3-9474-1A3956D46DE8}") = "Identity", "Identity", "{18350881-D79B-4BC1-813D-BFD243558F48}"
EndProject
Project("{FAE04EC0-301F-11D3-BF4B-00C04F79EFBC}") = "Infra.Ioc.Identity", "Ioc Layer\Identity\Infra.Ioc.Identity\Infra.Ioc.Identity.csproj", "{CC7BA83D-1FBF-4B63-AC48-2776420762F9}"
EndProject
Global
	GlobalSection(SolutionConfigurationPlatforms) = preSolution
		Debug|Any CPU = Debug|Any CPU
		Release|Any CPU = Release|Any CPU
	EndGlobalSection
	GlobalSection(ProjectConfigurationPlatforms) = postSolution
		{5A71C6BB-B3C9-42E5-884D-28D380204E37}.Debug|Any CPU.ActiveCfg = Debug|Any CPU
		{5A71C6BB-B3C9-42E5-884D-28D380204E37}.Debug|Any CPU.Build.0 = Debug|Any CPU
		{5A71C6BB-B3C9-42E5-884D-28D380204E37}.Release|Any CPU.ActiveCfg = Release|Any CPU
		{5A71C6BB-B3C9-42E5-884D-28D380204E37}.Release|Any CPU.Build.0 = Release|Any CPU
		{33942688-2522-4C3D-A0C4-BE0F27DC0155}.Debug|Any CPU.ActiveCfg = Debug|Any CPU
		{33942688-2522-4C3D-A0C4-BE0F27DC0155}.Debug|Any CPU.Build.0 = Debug|Any CPU
		{33942688-2522-4C3D-A0C4-BE0F27DC0155}.Release|Any CPU.ActiveCfg = Release|Any CPU
		{33942688-2522-4C3D-A0C4-BE0F27DC0155}.Release|Any CPU.Build.0 = Release|Any CPU
		{4A233C9C-B0EA-45FA-8540-36523C323348}.Debug|Any CPU.ActiveCfg = Debug|Any CPU
		{4A233C9C-B0EA-45FA-8540-36523C323348}.Debug|Any CPU.Build.0 = Debug|Any CPU
		{4A233C9C-B0EA-45FA-8540-36523C323348}.Release|Any CPU.ActiveCfg = Release|Any CPU
		{4A233C9C-B0EA-45FA-8540-36523C323348}.Release|Any CPU.Build.0 = Release|Any CPU
		{C77325B8-0B37-474D-94B7-7AF70DF59895}.Debug|Any CPU.ActiveCfg = Debug|Any CPU
		{C77325B8-0B37-474D-94B7-7AF70DF59895}.Debug|Any CPU.Build.0 = Debug|Any CPU
		{C77325B8-0B37-474D-94B7-7AF70DF59895}.Release|Any CPU.ActiveCfg = Release|Any CPU
		{C77325B8-0B37-474D-94B7-7AF70DF59895}.Release|Any CPU.Build.0 = Release|Any CPU
		{C368FE96-086C-4CB6-A31B-13F4D0F3CFCF}.Debug|Any CPU.ActiveCfg = Debug|Any CPU
		{C368FE96-086C-4CB6-A31B-13F4D0F3CFCF}.Debug|Any CPU.Build.0 = Debug|Any CPU
		{C368FE96-086C-4CB6-A31B-13F4D0F3CFCF}.Release|Any CPU.ActiveCfg = Release|Any CPU
		{C368FE96-086C-4CB6-A31B-13F4D0F3CFCF}.Release|Any CPU.Build.0 = Release|Any CPU
		{80EB453E-0D36-4D95-A360-E5B444171E60}.Debug|Any CPU.ActiveCfg = Debug|Any CPU
		{80EB453E-0D36-4D95-A360-E5B444171E60}.Debug|Any CPU.Build.0 = Debug|Any CPU
		{80EB453E-0D36-4D95-A360-E5B444171E60}.Release|Any CPU.ActiveCfg = Release|Any CPU
		{80EB453E-0D36-4D95-A360-E5B444171E60}.Release|Any CPU.Build.0 = Release|Any CPU
		{7DD6A490-B547-44ED-B882-89AF65A33BC7}.Debug|Any CPU.ActiveCfg = Debug|Any CPU
		{7DD6A490-B547-44ED-B882-89AF65A33BC7}.Debug|Any CPU.Build.0 = Debug|Any CPU
		{7DD6A490-B547-44ED-B882-89AF65A33BC7}.Release|Any CPU.ActiveCfg = Release|Any CPU
		{7DD6A490-B547-44ED-B882-89AF65A33BC7}.Release|Any CPU.Build.0 = Release|Any CPU
		{0D1A0614-6DC8-41AC-821A-C115CA589C75}.Debug|Any CPU.ActiveCfg = Debug|Any CPU
		{0D1A0614-6DC8-41AC-821A-C115CA589C75}.Debug|Any CPU.Build.0 = Debug|Any CPU
		{0D1A0614-6DC8-41AC-821A-C115CA589C75}.Release|Any CPU.ActiveCfg = Release|Any CPU
		{0D1A0614-6DC8-41AC-821A-C115CA589C75}.Release|Any CPU.Build.0 = Release|Any CPU
		{47DB0001-E906-4847-9DBC-CBD35B7E7081}.Debug|Any CPU.ActiveCfg = Debug|Any CPU
		{47DB0001-E906-4847-9DBC-CBD35B7E7081}.Debug|Any CPU.Build.0 = Debug|Any CPU
		{47DB0001-E906-4847-9DBC-CBD35B7E7081}.Release|Any CPU.ActiveCfg = Release|Any CPU
		{47DB0001-E906-4847-9DBC-CBD35B7E7081}.Release|Any CPU.Build.0 = Release|Any CPU
		{405C2079-12A3-47C7-95EF-335AFC9B84C9}.Debug|Any CPU.ActiveCfg = Debug|Any CPU
		{405C2079-12A3-47C7-95EF-335AFC9B84C9}.Debug|Any CPU.Build.0 = Debug|Any CPU
		{405C2079-12A3-47C7-95EF-335AFC9B84C9}.Release|Any CPU.ActiveCfg = Release|Any CPU
		{405C2079-12A3-47C7-95EF-335AFC9B84C9}.Release|Any CPU.Build.0 = Release|Any CPU
		{656FC53E-06A7-49BC-A4B8-1900D5E9FAAF}.Debug|Any CPU.ActiveCfg = Debug|Any CPU
		{656FC53E-06A7-49BC-A4B8-1900D5E9FAAF}.Debug|Any CPU.Build.0 = Debug|Any CPU
		{656FC53E-06A7-49BC-A4B8-1900D5E9FAAF}.Release|Any CPU.ActiveCfg = Release|Any CPU
		{656FC53E-06A7-49BC-A4B8-1900D5E9FAAF}.Release|Any CPU.Build.0 = Release|Any CPU
		{66793522-5CEA-41CC-B694-95CFEB7042E1}.Debug|Any CPU.ActiveCfg = Debug|Any CPU
		{66793522-5CEA-41CC-B694-95CFEB7042E1}.Debug|Any CPU.Build.0 = Debug|Any CPU
		{66793522-5CEA-41CC-B694-95CFEB7042E1}.Release|Any CPU.ActiveCfg = Release|Any CPU
		{66793522-5CEA-41CC-B694-95CFEB7042E1}.Release|Any CPU.Build.0 = Release|Any CPU
		{BF448233-E157-41FC-8D46-74E106E3015A}.Debug|Any CPU.ActiveCfg = Debug|Any CPU
		{BF448233-E157-41FC-8D46-74E106E3015A}.Debug|Any CPU.Build.0 = Debug|Any CPU
		{BF448233-E157-41FC-8D46-74E106E3015A}.Release|Any CPU.ActiveCfg = Release|Any CPU
		{BF448233-E157-41FC-8D46-74E106E3015A}.Release|Any CPU.Build.0 = Release|Any CPU
		{404E5BB6-D961-4DA7-9A33-2E6D27C871BD}.Debug|Any CPU.ActiveCfg = Debug|Any CPU
		{404E5BB6-D961-4DA7-9A33-2E6D27C871BD}.Debug|Any CPU.Build.0 = Debug|Any CPU
		{404E5BB6-D961-4DA7-9A33-2E6D27C871BD}.Release|Any CPU.ActiveCfg = Release|Any CPU
		{404E5BB6-D961-4DA7-9A33-2E6D27C871BD}.Release|Any CPU.Build.0 = Release|Any CPU
		{C4AAF8F1-617D-4E19-87D4-E5DAE398BB92}.Debug|Any CPU.ActiveCfg = Debug|Any CPU
		{C4AAF8F1-617D-4E19-87D4-E5DAE398BB92}.Debug|Any CPU.Build.0 = Debug|Any CPU
		{C4AAF8F1-617D-4E19-87D4-E5DAE398BB92}.Release|Any CPU.ActiveCfg = Release|Any CPU
		{C4AAF8F1-617D-4E19-87D4-E5DAE398BB92}.Release|Any CPU.Build.0 = Release|Any CPU
		{2104B83F-EC33-41CF-BE51-8CFCCA010D49}.Debug|Any CPU.ActiveCfg = Debug|Any CPU
		{2104B83F-EC33-41CF-BE51-8CFCCA010D49}.Debug|Any CPU.Build.0 = Debug|Any CPU
		{2104B83F-EC33-41CF-BE51-8CFCCA010D49}.Release|Any CPU.ActiveCfg = Release|Any CPU
		{2104B83F-EC33-41CF-BE51-8CFCCA010D49}.Release|Any CPU.Build.0 = Release|Any CPU
		{1E4D0F3D-1DC3-4A9D-9B5B-74921EDCEE73}.Debug|Any CPU.ActiveCfg = Debug|Any CPU
		{1E4D0F3D-1DC3-4A9D-9B5B-74921EDCEE73}.Debug|Any CPU.Build.0 = Debug|Any CPU
		{1E4D0F3D-1DC3-4A9D-9B5B-74921EDCEE73}.Release|Any CPU.ActiveCfg = Release|Any CPU
		{1E4D0F3D-1DC3-4A9D-9B5B-74921EDCEE73}.Release|Any CPU.Build.0 = Release|Any CPU
		{C2215EDF-5EEC-4917-87E7-EAE4A5F33484}.Debug|Any CPU.ActiveCfg = Debug|Any CPU
		{C2215EDF-5EEC-4917-87E7-EAE4A5F33484}.Debug|Any CPU.Build.0 = Debug|Any CPU
		{C2215EDF-5EEC-4917-87E7-EAE4A5F33484}.Release|Any CPU.ActiveCfg = Release|Any CPU
		{C2215EDF-5EEC-4917-87E7-EAE4A5F33484}.Release|Any CPU.Build.0 = Release|Any CPU
		{6CCE97E2-5099-469F-81EC-B0B4D0DE8594}.Debug|Any CPU.ActiveCfg = Debug|Any CPU
		{6CCE97E2-5099-469F-81EC-B0B4D0DE8594}.Debug|Any CPU.Build.0 = Debug|Any CPU
		{6CCE97E2-5099-469F-81EC-B0B4D0DE8594}.Release|Any CPU.ActiveCfg = Release|Any CPU
		{6CCE97E2-5099-469F-81EC-B0B4D0DE8594}.Release|Any CPU.Build.0 = Release|Any CPU
		{83215418-AF0C-43CE-B8EC-0AE387724811}.Debug|Any CPU.ActiveCfg = Debug|Any CPU
		{83215418-AF0C-43CE-B8EC-0AE387724811}.Debug|Any CPU.Build.0 = Debug|Any CPU
		{83215418-AF0C-43CE-B8EC-0AE387724811}.Release|Any CPU.ActiveCfg = Release|Any CPU
		{83215418-AF0C-43CE-B8EC-0AE387724811}.Release|Any CPU.Build.0 = Release|Any CPU
		{CC7BA83D-1FBF-4B63-AC48-2776420762F9}.Debug|Any CPU.ActiveCfg = Debug|Any CPU
		{CC7BA83D-1FBF-4B63-AC48-2776420762F9}.Debug|Any CPU.Build.0 = Debug|Any CPU
		{CC7BA83D-1FBF-4B63-AC48-2776420762F9}.Release|Any CPU.ActiveCfg = Release|Any CPU
		{CC7BA83D-1FBF-4B63-AC48-2776420762F9}.Release|Any CPU.Build.0 = Release|Any CPU
	EndGlobalSection
	GlobalSection(SolutionProperties) = preSolution
		HideSolutionNode = FALSE
	EndGlobalSection
	GlobalSection(NestedProjects) = preSolution
		{6C19DB45-35B2-4A64-8308-7DB2C3EC3CF1} = {25D3FEE0-9919-42EE-A78D-DA14F520EAED}
		{8A2743AA-3A64-4B27-8B50-61541020AC72} = {6C19DB45-35B2-4A64-8308-7DB2C3EC3CF1}
		{5A71C6BB-B3C9-42E5-884D-28D380204E37} = {8A2743AA-3A64-4B27-8B50-61541020AC72}
		{D01832AD-3D0B-4F7A-9528-806260F5FD54} = {6C19DB45-35B2-4A64-8308-7DB2C3EC3CF1}
		{33942688-2522-4C3D-A0C4-BE0F27DC0155} = {D01832AD-3D0B-4F7A-9528-806260F5FD54}
		{01666CCB-7B60-41D8-8C4E-4BE9A696E444} = {2BF480F9-2ADB-47C9-B84F-62B7105DC828}
		{8C828C84-B3CF-4E09-BD55-2039B2D5A2A8} = {2BF480F9-2ADB-47C9-B84F-62B7105DC828}
		{4A233C9C-B0EA-45FA-8540-36523C323348} = {8C828C84-B3CF-4E09-BD55-2039B2D5A2A8}
		{C77325B8-0B37-474D-94B7-7AF70DF59895} = {01666CCB-7B60-41D8-8C4E-4BE9A696E444}
		{1440FA00-E490-408D-AA27-23F6290CDDF8} = {53710302-1F1A-4EEB-B05F-7FF9F5B64F65}
		{B922F6E6-A72E-471F-93EC-2B299B41C1A6} = {53710302-1F1A-4EEB-B05F-7FF9F5B64F65}
		{C368FE96-086C-4CB6-A31B-13F4D0F3CFCF} = {B922F6E6-A72E-471F-93EC-2B299B41C1A6}
		{80EB453E-0D36-4D95-A360-E5B444171E60} = {1440FA00-E490-408D-AA27-23F6290CDDF8}
		{A58F71AE-2AAF-447E-8AD6-609680255732} = {FE7CC024-8759-4899-885F-CC477AAF625B}
		{7DD6A490-B547-44ED-B882-89AF65A33BC7} = {A58F71AE-2AAF-447E-8AD6-609680255732}
		{28FDC751-C0AB-4138-AC44-FCD1241EFBBE} = {FE7CC024-8759-4899-885F-CC477AAF625B}
		{0D1A0614-6DC8-41AC-821A-C115CA589C75} = {28FDC751-C0AB-4138-AC44-FCD1241EFBBE}
		{7EBAF717-8FD2-4C66-8928-0C15354F8154} = {9F4B9AAF-4AAA-4ADB-AFDC-8FD121276135}
		{47DB0001-E906-4847-9DBC-CBD35B7E7081} = {7EBAF717-8FD2-4C66-8928-0C15354F8154}
		{107FB6C0-CA72-405C-851C-1045B2022967} = {9F4B9AAF-4AAA-4ADB-AFDC-8FD121276135}
		{405C2079-12A3-47C7-95EF-335AFC9B84C9} = {107FB6C0-CA72-405C-851C-1045B2022967}
		{5754C7AD-8FD3-4CB5-A0EA-F0DC6C8B8F8F} = {53710302-1F1A-4EEB-B05F-7FF9F5B64F65}
		{656FC53E-06A7-49BC-A4B8-1900D5E9FAAF} = {5754C7AD-8FD3-4CB5-A0EA-F0DC6C8B8F8F}
		{C38A68D2-9F55-47F5-9377-03AD442CC68C} = {FE7CC024-8759-4899-885F-CC477AAF625B}
		{66793522-5CEA-41CC-B694-95CFEB7042E1} = {C38A68D2-9F55-47F5-9377-03AD442CC68C}
		{FF11A7E2-2461-4E0D-9441-23D8E13946C6} = {6C19DB45-35B2-4A64-8308-7DB2C3EC3CF1}
		{BF448233-E157-41FC-8D46-74E106E3015A} = {FF11A7E2-2461-4E0D-9441-23D8E13946C6}
		{40129481-F31D-462A-A309-C789419AB7C5} = {2BF480F9-2ADB-47C9-B84F-62B7105DC828}
		{404E5BB6-D961-4DA7-9A33-2E6D27C871BD} = {40129481-F31D-462A-A309-C789419AB7C5}
		{55BE3018-FBA7-4927-9B50-FC3998D2ABC3} = {DE576D59-E6A4-455A-99C4-7A3664D41A54}
		{C4AAF8F1-617D-4E19-87D4-E5DAE398BB92} = {55BE3018-FBA7-4927-9B50-FC3998D2ABC3}
		{159CA617-743B-40B1-856C-CA7A7D637640} = {DE576D59-E6A4-455A-99C4-7A3664D41A54}
		{2104B83F-EC33-41CF-BE51-8CFCCA010D49} = {159CA617-743B-40B1-856C-CA7A7D637640}
		{D4039FA2-DD49-41B4-85E2-6B11CA027565} = {799F5D07-5F58-475F-9BEE-C6914CFFF46D}
		{1E4D0F3D-1DC3-4A9D-9B5B-74921EDCEE73} = {D4039FA2-DD49-41B4-85E2-6B11CA027565}
		{DF361C77-DE0E-46EB-9C71-3736AC12B063} = {DE576D59-E6A4-455A-99C4-7A3664D41A54}
		{C2215EDF-5EEC-4917-87E7-EAE4A5F33484} = {DF361C77-DE0E-46EB-9C71-3736AC12B063}
		{8B0C02B6-DC26-4BF5-8E39-77B41805D544} = {799F5D07-5F58-475F-9BEE-C6914CFFF46D}
		{89F40622-EC8E-4784-9FD1-CC96CA579ED7} = {8B0C02B6-DC26-4BF5-8E39-77B41805D544}
		{6CCE97E2-5099-469F-81EC-B0B4D0DE8594} = {89F40622-EC8E-4784-9FD1-CC96CA579ED7}
		{E7CCA6CA-E88C-4467-93A4-5FE88BA79FD8} = {E781E24D-2A97-4AE6-A90F-3184864D37A7}
		{83215418-AF0C-43CE-B8EC-0AE387724811} = {E7CCA6CA-E88C-4467-93A4-5FE88BA79FD8}
		{18350881-D79B-4BC1-813D-BFD243558F48} = {9F4B9AAF-4AAA-4ADB-AFDC-8FD121276135}
		{CC7BA83D-1FBF-4B63-AC48-2776420762F9} = {18350881-D79B-4BC1-813D-BFD243558F48}
	EndGlobalSection
	GlobalSection(ExtensibilityGlobals) = postSolution
		SolutionGuid = {DE4FECE0-4558-4C39-95A2-EF3F94A6014E}
	EndGlobalSection
EndGlobal
